
Microsoft Visual Studio Solution File, Format Version 12.00
# Visual Studio Version 17
VisualStudioVersion = 17.5.002.0
MinimumVisualStudioVersion = 10.0.40219.1
Project("{9A19103F-16F7-4668-BE54-9A1E7A4F7556}") = "www-grumpycorp-com", "www-grumpycorp-com.csproj", "{068B78D7-215E-4E07-AA3F-43F34E829BC3}"
EndProject
Global
	GlobalSection(SolutionConfigurationPlatforms) = preSolution
		Debug|Any CPU = Debug|Any CPU
		Release|Any CPU = Release|Any CPU
	EndGlobalSection
	GlobalSection(ProjectConfigurationPlatforms) = postSolution
		{068B78D7-215E-4E07-AA3F-43F34E829BC3}.Debug|Any CPU.ActiveCfg = Debug|Any CPU
		{068B78D7-215E-4E07-AA3F-43F34E829BC3}.Debug|Any CPU.Build.0 = Debug|Any CPU
		{068B78D7-215E-4E07-AA3F-43F34E829BC3}.Release|Any CPU.ActiveCfg = Release|Any CPU
		{068B78D7-215E-4E07-AA3F-43F34E829BC3}.Release|Any CPU.Build.0 = Release|Any CPU
	EndGlobalSection
	GlobalSection(SolutionProperties) = preSolution
		HideSolutionNode = FALSE
	EndGlobalSection
	GlobalSection(ExtensibilityGlobals) = postSolution
		SolutionGuid = {54E882F7-6007-4534-91C2-5E8221F6093A}
	EndGlobalSection
EndGlobal
